
Microsoft Visual Studio Solution File, Format Version 12.00
# Visual Studio Version 17
VisualStudioVersion = 17.11.35327.3
MinimumVisualStudioVersion = 10.0.40219.1
Project("{9A19103F-16F7-4668-BE54-9A1E7A4F7556}") = "ModBusSlave", "ModBusSlave.csproj", "{27410EB1-8C87-4874-B322-E1C904FF0838}"
EndProject
Global
	GlobalSection(SolutionConfigurationPlatforms) = preSolution
		Debug|Any CPU = Debug|Any CPU
		Release|Any CPU = Release|Any CPU
	EndGlobalSection
	GlobalSection(ProjectConfigurationPlatforms) = postSolution
		{27410EB1-8C87-4874-B322-E1C904FF0838}.Debug|Any CPU.ActiveCfg = Debug|Any CPU
		{27410EB1-8C87-4874-B322-E1C904FF0838}.Debug|Any CPU.Build.0 = Debug|Any CPU
		{27410EB1-8C87-4874-B322-E1C904FF0838}.Release|Any CPU.ActiveCfg = Release|Any CPU
		{27410EB1-8C87-4874-B322-E1C904FF0838}.Release|Any CPU.Build.0 = Release|Any CPU
	EndGlobalSection
	GlobalSection(SolutionProperties) = preSolution
		HideSolutionNode = FALSE
	EndGlobalSection
	GlobalSection(ExtensibilityGlobals) = postSolution
		SolutionGuid = {37A3EEB7-5827-42E1-A620-D48E980CBC82}
	EndGlobalSection
EndGlobal
